
Microsoft Visual Studio Solution File, Format Version 12.00
# Visual Studio Version 17
VisualStudioVersion = 17.9.34407.89
MinimumVisualStudioVersion = 10.0.40219.1
Project("{2150E333-8FDC-42A3-9474-1A3956D46DE8}") = "Library", "Library", "{657D0E0A-C1E3-4323-B40B-17BF92E5DBD0}"
EndProject
Project("{9A19103F-16F7-4668-BE54-9A1E7A4F7556}") = "ShopDev.Authentication.API", "Services\Authentication\ShopDev.Authentication.API\ShopDev.Authentication.API.csproj", "{1B8EA37C-D4F4-403C-A675-CAAB98D235DA}"
EndProject
Project("{2150E333-8FDC-42A3-9474-1A3956D46DE8}") = "Services", "Services", "{4DDEAE9F-010D-40AB-B184-AC63831405CB}"
EndProject
Project("{9A19103F-16F7-4668-BE54-9A1E7A4F7556}") = "ShopDev.Authentication.Infrastructure", "Services\Authentication\ShopDev.Authentication.Infrastructure\ShopDev.Authentication.Infrastructure.csproj", "{C377858C-BD41-482B-A3A2-894E9608F4CB}"
EndProject
Project("{9A19103F-16F7-4668-BE54-9A1E7A4F7556}") = "ShopDev.Authentication.Domain", "Services\Authentication\ShopDev.Authentication.Domain\ShopDev.Authentication.Domain.csproj", "{5EF7C01B-22C2-454C-9992-3E371A45CD4F}"
EndProject
Project("{9A19103F-16F7-4668-BE54-9A1E7A4F7556}") = "ShopDev.Authentication.ApplicationServices", "Services\Authentication\ShopDev.Authentication.ApplicationServices\ShopDev.Authentication.ApplicationServices.csproj", "{C25384DA-264C-41FB-A1A6-D0FCE979D503}"
EndProject
Project("{2150E333-8FDC-42A3-9474-1A3956D46DE8}") = "Application", "Application", "{6EB5CBCE-9733-4247-961E-C14125061B12}"
EndProject
Project("{2150E333-8FDC-42A3-9474-1A3956D46DE8}") = "WebApi", "WebApi", "{3F05CCA8-66E3-421D-B55F-201221FFF751}"
EndProject
Project("{2150E333-8FDC-42A3-9474-1A3956D46DE8}") = "Infrastructure", "Infrastructure", "{4ABCF73B-D6C1-45DD-B611-2F8C6A1A1D3A}"
EndProject
Project("{2150E333-8FDC-42A3-9474-1A3956D46DE8}") = "Shared", "Shared", "{1A9CBE5C-6ED5-45AB-AA98-D7D0487FE88B}"
EndProject
Project("{2150E333-8FDC-42A3-9474-1A3956D46DE8}") = "Authentication", "Authentication", "{E4C73187-ECAF-47C7-8AE3-334C33AF5692}"
EndProject
Project("{9A19103F-16F7-4668-BE54-9A1E7A4F7556}") = "ShopDev.Common", "Services\Shared\ShopDev.Common\ShopDev.Common.csproj", "{9E7F3C7B-FD20-4228-8D00-C5F527E306CE}"
EndProject
Project("{9A19103F-16F7-4668-BE54-9A1E7A4F7556}") = "ShopDev.Constants", "Services\Shared\ShopDev.Constants\ShopDev.Constants.csproj", "{2BEBE162-6A09-4703-B8FA-8B740A2721D6}"
EndProject
Project("{9A19103F-16F7-4668-BE54-9A1E7A4F7556}") = "ShopDev.UserRolePermission", "Services\Shared\ShopDev.UserRolePermission\ShopDev.UserRolePermission.csproj", "{F7846947-5B98-4048-85CA-7E6E53A53978}"
EndProject
Project("{9A19103F-16F7-4668-BE54-9A1E7A4F7556}") = "ShopDev.ConvertFile", "Library\ShopDev.ConvertFile\ShopDev.ConvertFile.csproj", "{C6DF08D2-EAF3-4E93-B887-340D82B7A18C}"
EndProject
Project("{9A19103F-16F7-4668-BE54-9A1E7A4F7556}") = "ShopDev.RabbitMQ", "Library\ShopDev.RabbitMQ\ShopDev.RabbitMQ.csproj", "{7BED41CE-A872-4C78-ACBA-0F7000CC7FA8}"
EndProject
Project("{9A19103F-16F7-4668-BE54-9A1E7A4F7556}") = "ShopDev.S3Bucket", "Library\ShopDev.S3Bucket\ShopDev.S3Bucket.csproj", "{832C3759-5014-4B4D-B425-B5737E16C65C}"
EndProject
Project("{9A19103F-16F7-4668-BE54-9A1E7A4F7556}") = "ShopDev.ApplicationBase", "Library\ShopDev.ApplicationBase\ShopDev.ApplicationBase.csproj", "{5CCF6E3C-0D2E-4D56-9840-7ED1C0359DD4}"
EndProject
Project("{9A19103F-16F7-4668-BE54-9A1E7A4F7556}") = "ShopDev.Notification", "Library\ShopDev.Notification\ShopDev.Notification.csproj", "{91354B06-D2B3-4211-B97E-8EFBEEC8DA9A}"
EndProject
Project("{2150E333-8FDC-42A3-9474-1A3956D46DE8}") = "Inventory", "Inventory", "{630896C7-A06C-4F73-8CDD-8A51C27A3981}"
EndProject
Project("{9A19103F-16F7-4668-BE54-9A1E7A4F7556}") = "ShopDev.IdentityServerBase", "Library\ShopDev.IdentityServerBase\ShopDev.IdentityServerBase.csproj", "{49FC559F-6B55-4597-80D5-8ACC506A9C10}"
EndProject
Project("{9A19103F-16F7-4668-BE54-9A1E7A4F7556}") = "ShopDev.WebAPIBase", "Library\ShopDev.WebAPIBase\ShopDev.WebAPIBase.csproj", "{58BFB3ED-2601-467C-BBF4-C4A0813A9855}"
EndProject
Project("{9A19103F-16F7-4668-BE54-9A1E7A4F7556}") = "ShopDev.EntitiesBase", "Library\ShopDev.EntitiesBase\ShopDev.EntitiesBase.csproj", "{D783CBA5-9E65-49DC-AA23-58E5E01A43E0}"
EndProject
Project("{9A19103F-16F7-4668-BE54-9A1E7A4F7556}") = "ShopDev.InfrastructureBase", "Library\ShopDev.InfrastructureBase\ShopDev.InfrastructureBase.csproj", "{A0832E78-C22A-44E6-863F-FF4A9DDF3301}"
EndProject
Project("{9A19103F-16F7-4668-BE54-9A1E7A4F7556}") = "ShopDev.Utils", "Library\ShopDev.Utils\ShopDev.Utils.csproj", "{EF37501C-80B9-4B6D-9C1E-7E71553B011A}"
EndProject
Project("{9A19103F-16F7-4668-BE54-9A1E7A4F7556}") = "ShopDev.Inventory.API", "Services\Inventory\ShopDev.Inventory.API\ShopDev.Inventory.API.csproj", "{2E8141E1-5B81-4057-9763-BD44A25794E3}"
EndProject
Project("{9A19103F-16F7-4668-BE54-9A1E7A4F7556}") = "ShopDev.Inventory.Domain", "Services\Inventory\ShopDev.Inventory.Domain\ShopDev.Inventory.Domain.csproj", "{397DE713-1F7F-4007-8ADF-A45A314EEE5D}"
EndProject
Project("{9A19103F-16F7-4668-BE54-9A1E7A4F7556}") = "ShopDev.Inventory.ApplicationServices", "Services\Inventory\ShopDev.Inventory.ApplicationServices\ShopDev.Inventory.ApplicationServices.csproj", "{62A76CC9-9C03-48E9-8F00-02DF1C84F902}"
EndProject
Project("{9A19103F-16F7-4668-BE54-9A1E7A4F7556}") = "ShopDev.Inventory.Infrastructure", "Services\Inventory\ShopDev.Inventory.Infrastructure\ShopDev.Inventory.Infrastructure.csproj", "{3DF1FC38-5700-432F-9A90-1B03DB4836BD}"
EndProject
Project("{2150E333-8FDC-42A3-9474-1A3956D46DE8}") = "Solution Items", "Solution Items", "{934439B5-23BC-4FDF-BE8C-FBA048730C29}"
	ProjectSection(SolutionItems) = preProject
		.editorconfig = .editorconfig
	EndProjectSection
EndProject
Global
	GlobalSection(SolutionConfigurationPlatforms) = preSolution
		Debug|Any CPU = Debug|Any CPU
		Release|Any CPU = Release|Any CPU
	EndGlobalSection
	GlobalSection(ProjectConfigurationPlatforms) = postSolution
		{1B8EA37C-D4F4-403C-A675-CAAB98D235DA}.Debug|Any CPU.ActiveCfg = Debug|Any CPU
		{1B8EA37C-D4F4-403C-A675-CAAB98D235DA}.Debug|Any CPU.Build.0 = Debug|Any CPU
		{1B8EA37C-D4F4-403C-A675-CAAB98D235DA}.Release|Any CPU.ActiveCfg = Release|Any CPU
		{1B8EA37C-D4F4-403C-A675-CAAB98D235DA}.Release|Any CPU.Build.0 = Release|Any CPU
		{C377858C-BD41-482B-A3A2-894E9608F4CB}.Debug|Any CPU.ActiveCfg = Debug|Any CPU
		{C377858C-BD41-482B-A3A2-894E9608F4CB}.Debug|Any CPU.Build.0 = Debug|Any CPU
		{C377858C-BD41-482B-A3A2-894E9608F4CB}.Release|Any CPU.ActiveCfg = Release|Any CPU
		{C377858C-BD41-482B-A3A2-894E9608F4CB}.Release|Any CPU.Build.0 = Release|Any CPU
		{5EF7C01B-22C2-454C-9992-3E371A45CD4F}.Debug|Any CPU.ActiveCfg = Debug|Any CPU
		{5EF7C01B-22C2-454C-9992-3E371A45CD4F}.Debug|Any CPU.Build.0 = Debug|Any CPU
		{5EF7C01B-22C2-454C-9992-3E371A45CD4F}.Release|Any CPU.ActiveCfg = Release|Any CPU
		{5EF7C01B-22C2-454C-9992-3E371A45CD4F}.Release|Any CPU.Build.0 = Release|Any CPU
		{C25384DA-264C-41FB-A1A6-D0FCE979D503}.Debug|Any CPU.ActiveCfg = Debug|Any CPU
		{C25384DA-264C-41FB-A1A6-D0FCE979D503}.Debug|Any CPU.Build.0 = Debug|Any CPU
		{C25384DA-264C-41FB-A1A6-D0FCE979D503}.Release|Any CPU.ActiveCfg = Release|Any CPU
		{C25384DA-264C-41FB-A1A6-D0FCE979D503}.Release|Any CPU.Build.0 = Release|Any CPU
		{9E7F3C7B-FD20-4228-8D00-C5F527E306CE}.Debug|Any CPU.ActiveCfg = Debug|Any CPU
		{9E7F3C7B-FD20-4228-8D00-C5F527E306CE}.Debug|Any CPU.Build.0 = Debug|Any CPU
		{9E7F3C7B-FD20-4228-8D00-C5F527E306CE}.Release|Any CPU.ActiveCfg = Release|Any CPU
		{9E7F3C7B-FD20-4228-8D00-C5F527E306CE}.Release|Any CPU.Build.0 = Release|Any CPU
		{2BEBE162-6A09-4703-B8FA-8B740A2721D6}.Debug|Any CPU.ActiveCfg = Debug|Any CPU
		{2BEBE162-6A09-4703-B8FA-8B740A2721D6}.Debug|Any CPU.Build.0 = Debug|Any CPU
		{2BEBE162-6A09-4703-B8FA-8B740A2721D6}.Release|Any CPU.ActiveCfg = Release|Any CPU
		{2BEBE162-6A09-4703-B8FA-8B740A2721D6}.Release|Any CPU.Build.0 = Release|Any CPU
		{F7846947-5B98-4048-85CA-7E6E53A53978}.Debug|Any CPU.ActiveCfg = Debug|Any CPU
		{F7846947-5B98-4048-85CA-7E6E53A53978}.Debug|Any CPU.Build.0 = Debug|Any CPU
		{F7846947-5B98-4048-85CA-7E6E53A53978}.Release|Any CPU.ActiveCfg = Release|Any CPU
		{F7846947-5B98-4048-85CA-7E6E53A53978}.Release|Any CPU.Build.0 = Release|Any CPU
		{C6DF08D2-EAF3-4E93-B887-340D82B7A18C}.Debug|Any CPU.ActiveCfg = Debug|Any CPU
		{C6DF08D2-EAF3-4E93-B887-340D82B7A18C}.Debug|Any CPU.Build.0 = Debug|Any CPU
		{C6DF08D2-EAF3-4E93-B887-340D82B7A18C}.Release|Any CPU.ActiveCfg = Release|Any CPU
		{C6DF08D2-EAF3-4E93-B887-340D82B7A18C}.Release|Any CPU.Build.0 = Release|Any CPU
		{7BED41CE-A872-4C78-ACBA-0F7000CC7FA8}.Debug|Any CPU.ActiveCfg = Debug|Any CPU
		{7BED41CE-A872-4C78-ACBA-0F7000CC7FA8}.Debug|Any CPU.Build.0 = Debug|Any CPU
		{7BED41CE-A872-4C78-ACBA-0F7000CC7FA8}.Release|Any CPU.ActiveCfg = Release|Any CPU
		{7BED41CE-A872-4C78-ACBA-0F7000CC7FA8}.Release|Any CPU.Build.0 = Release|Any CPU
		{832C3759-5014-4B4D-B425-B5737E16C65C}.Debug|Any CPU.ActiveCfg = Debug|Any CPU
		{832C3759-5014-4B4D-B425-B5737E16C65C}.Debug|Any CPU.Build.0 = Debug|Any CPU
		{832C3759-5014-4B4D-B425-B5737E16C65C}.Release|Any CPU.ActiveCfg = Release|Any CPU
		{832C3759-5014-4B4D-B425-B5737E16C65C}.Release|Any CPU.Build.0 = Release|Any CPU
		{5CCF6E3C-0D2E-4D56-9840-7ED1C0359DD4}.Debug|Any CPU.ActiveCfg = Debug|Any CPU
		{5CCF6E3C-0D2E-4D56-9840-7ED1C0359DD4}.Debug|Any CPU.Build.0 = Debug|Any CPU
		{5CCF6E3C-0D2E-4D56-9840-7ED1C0359DD4}.Release|Any CPU.ActiveCfg = Release|Any CPU
		{5CCF6E3C-0D2E-4D56-9840-7ED1C0359DD4}.Release|Any CPU.Build.0 = Release|Any CPU
		{91354B06-D2B3-4211-B97E-8EFBEEC8DA9A}.Debug|Any CPU.ActiveCfg = Debug|Any CPU
		{91354B06-D2B3-4211-B97E-8EFBEEC8DA9A}.Debug|Any CPU.Build.0 = Debug|Any CPU
		{91354B06-D2B3-4211-B97E-8EFBEEC8DA9A}.Release|Any CPU.ActiveCfg = Release|Any CPU
		{91354B06-D2B3-4211-B97E-8EFBEEC8DA9A}.Release|Any CPU.Build.0 = Release|Any CPU
		{49FC559F-6B55-4597-80D5-8ACC506A9C10}.Debug|Any CPU.ActiveCfg = Debug|Any CPU
		{49FC559F-6B55-4597-80D5-8ACC506A9C10}.Debug|Any CPU.Build.0 = Debug|Any CPU
		{49FC559F-6B55-4597-80D5-8ACC506A9C10}.Release|Any CPU.ActiveCfg = Release|Any CPU
		{49FC559F-6B55-4597-80D5-8ACC506A9C10}.Release|Any CPU.Build.0 = Release|Any CPU
		{58BFB3ED-2601-467C-BBF4-C4A0813A9855}.Debug|Any CPU.ActiveCfg = Debug|Any CPU
		{58BFB3ED-2601-467C-BBF4-C4A0813A9855}.Debug|Any CPU.Build.0 = Debug|Any CPU
		{58BFB3ED-2601-467C-BBF4-C4A0813A9855}.Release|Any CPU.ActiveCfg = Release|Any CPU
		{58BFB3ED-2601-467C-BBF4-C4A0813A9855}.Release|Any CPU.Build.0 = Release|Any CPU
		{D783CBA5-9E65-49DC-AA23-58E5E01A43E0}.Debug|Any CPU.ActiveCfg = Debug|Any CPU
		{D783CBA5-9E65-49DC-AA23-58E5E01A43E0}.Debug|Any CPU.Build.0 = Debug|Any CPU
		{D783CBA5-9E65-49DC-AA23-58E5E01A43E0}.Release|Any CPU.ActiveCfg = Release|Any CPU
		{D783CBA5-9E65-49DC-AA23-58E5E01A43E0}.Release|Any CPU.Build.0 = Release|Any CPU
		{A0832E78-C22A-44E6-863F-FF4A9DDF3301}.Debug|Any CPU.ActiveCfg = Debug|Any CPU
		{A0832E78-C22A-44E6-863F-FF4A9DDF3301}.Debug|Any CPU.Build.0 = Debug|Any CPU
		{A0832E78-C22A-44E6-863F-FF4A9DDF3301}.Release|Any CPU.ActiveCfg = Release|Any CPU
		{A0832E78-C22A-44E6-863F-FF4A9DDF3301}.Release|Any CPU.Build.0 = Release|Any CPU
		{EF37501C-80B9-4B6D-9C1E-7E71553B011A}.Debug|Any CPU.ActiveCfg = Debug|Any CPU
		{EF37501C-80B9-4B6D-9C1E-7E71553B011A}.Debug|Any CPU.Build.0 = Debug|Any CPU
		{EF37501C-80B9-4B6D-9C1E-7E71553B011A}.Release|Any CPU.ActiveCfg = Release|Any CPU
		{EF37501C-80B9-4B6D-9C1E-7E71553B011A}.Release|Any CPU.Build.0 = Release|Any CPU
		{2E8141E1-5B81-4057-9763-BD44A25794E3}.Debug|Any CPU.ActiveCfg = Debug|Any CPU
		{2E8141E1-5B81-4057-9763-BD44A25794E3}.Debug|Any CPU.Build.0 = Debug|Any CPU
		{2E8141E1-5B81-4057-9763-BD44A25794E3}.Release|Any CPU.ActiveCfg = Release|Any CPU
		{2E8141E1-5B81-4057-9763-BD44A25794E3}.Release|Any CPU.Build.0 = Release|Any CPU
		{397DE713-1F7F-4007-8ADF-A45A314EEE5D}.Debug|Any CPU.ActiveCfg = Debug|Any CPU
		{397DE713-1F7F-4007-8ADF-A45A314EEE5D}.Debug|Any CPU.Build.0 = Debug|Any CPU
		{397DE713-1F7F-4007-8ADF-A45A314EEE5D}.Release|Any CPU.ActiveCfg = Release|Any CPU
		{397DE713-1F7F-4007-8ADF-A45A314EEE5D}.Release|Any CPU.Build.0 = Release|Any CPU
		{62A76CC9-9C03-48E9-8F00-02DF1C84F902}.Debug|Any CPU.ActiveCfg = Debug|Any CPU
		{62A76CC9-9C03-48E9-8F00-02DF1C84F902}.Debug|Any CPU.Build.0 = Debug|Any CPU
		{62A76CC9-9C03-48E9-8F00-02DF1C84F902}.Release|Any CPU.ActiveCfg = Release|Any CPU
		{62A76CC9-9C03-48E9-8F00-02DF1C84F902}.Release|Any CPU.Build.0 = Release|Any CPU
		{3DF1FC38-5700-432F-9A90-1B03DB4836BD}.Debug|Any CPU.ActiveCfg = Debug|Any CPU
		{3DF1FC38-5700-432F-9A90-1B03DB4836BD}.Debug|Any CPU.Build.0 = Debug|Any CPU
		{3DF1FC38-5700-432F-9A90-1B03DB4836BD}.Release|Any CPU.ActiveCfg = Release|Any CPU
		{3DF1FC38-5700-432F-9A90-1B03DB4836BD}.Release|Any CPU.Build.0 = Release|Any CPU
	EndGlobalSection
	GlobalSection(SolutionProperties) = preSolution
		HideSolutionNode = FALSE
	EndGlobalSection
	GlobalSection(NestedProjects) = preSolution
		{1B8EA37C-D4F4-403C-A675-CAAB98D235DA} = {E4C73187-ECAF-47C7-8AE3-334C33AF5692}
		{C377858C-BD41-482B-A3A2-894E9608F4CB} = {E4C73187-ECAF-47C7-8AE3-334C33AF5692}
		{5EF7C01B-22C2-454C-9992-3E371A45CD4F} = {E4C73187-ECAF-47C7-8AE3-334C33AF5692}
		{C25384DA-264C-41FB-A1A6-D0FCE979D503} = {E4C73187-ECAF-47C7-8AE3-334C33AF5692}
		{6EB5CBCE-9733-4247-961E-C14125061B12} = {657D0E0A-C1E3-4323-B40B-17BF92E5DBD0}
		{3F05CCA8-66E3-421D-B55F-201221FFF751} = {657D0E0A-C1E3-4323-B40B-17BF92E5DBD0}
		{4ABCF73B-D6C1-45DD-B611-2F8C6A1A1D3A} = {657D0E0A-C1E3-4323-B40B-17BF92E5DBD0}
		{1A9CBE5C-6ED5-45AB-AA98-D7D0487FE88B} = {4DDEAE9F-010D-40AB-B184-AC63831405CB}
		{E4C73187-ECAF-47C7-8AE3-334C33AF5692} = {4DDEAE9F-010D-40AB-B184-AC63831405CB}
		{9E7F3C7B-FD20-4228-8D00-C5F527E306CE} = {1A9CBE5C-6ED5-45AB-AA98-D7D0487FE88B}
		{2BEBE162-6A09-4703-B8FA-8B740A2721D6} = {1A9CBE5C-6ED5-45AB-AA98-D7D0487FE88B}
		{F7846947-5B98-4048-85CA-7E6E53A53978} = {1A9CBE5C-6ED5-45AB-AA98-D7D0487FE88B}
		{C6DF08D2-EAF3-4E93-B887-340D82B7A18C} = {4ABCF73B-D6C1-45DD-B611-2F8C6A1A1D3A}
		{7BED41CE-A872-4C78-ACBA-0F7000CC7FA8} = {4ABCF73B-D6C1-45DD-B611-2F8C6A1A1D3A}
		{832C3759-5014-4B4D-B425-B5737E16C65C} = {4ABCF73B-D6C1-45DD-B611-2F8C6A1A1D3A}
		{5CCF6E3C-0D2E-4D56-9840-7ED1C0359DD4} = {6EB5CBCE-9733-4247-961E-C14125061B12}
		{91354B06-D2B3-4211-B97E-8EFBEEC8DA9A} = {4ABCF73B-D6C1-45DD-B611-2F8C6A1A1D3A}
		{630896C7-A06C-4F73-8CDD-8A51C27A3981} = {4DDEAE9F-010D-40AB-B184-AC63831405CB}
		{49FC559F-6B55-4597-80D5-8ACC506A9C10} = {3F05CCA8-66E3-421D-B55F-201221FFF751}
		{58BFB3ED-2601-467C-BBF4-C4A0813A9855} = {3F05CCA8-66E3-421D-B55F-201221FFF751}
		{D783CBA5-9E65-49DC-AA23-58E5E01A43E0} = {4ABCF73B-D6C1-45DD-B611-2F8C6A1A1D3A}
		{A0832E78-C22A-44E6-863F-FF4A9DDF3301} = {4ABCF73B-D6C1-45DD-B611-2F8C6A1A1D3A}
		{EF37501C-80B9-4B6D-9C1E-7E71553B011A} = {657D0E0A-C1E3-4323-B40B-17BF92E5DBD0}
		{2E8141E1-5B81-4057-9763-BD44A25794E3} = {630896C7-A06C-4F73-8CDD-8A51C27A3981}
		{397DE713-1F7F-4007-8ADF-A45A314EEE5D} = {630896C7-A06C-4F73-8CDD-8A51C27A3981}
		{62A76CC9-9C03-48E9-8F00-02DF1C84F902} = {630896C7-A06C-4F73-8CDD-8A51C27A3981}
		{3DF1FC38-5700-432F-9A90-1B03DB4836BD} = {630896C7-A06C-4F73-8CDD-8A51C27A3981}
	EndGlobalSection
	GlobalSection(ExtensibilityGlobals) = postSolution
		SolutionGuid = {C9FD0C05-0CF5-4023-8A3A-00662DC03F85}
	EndGlobalSection
EndGlobal
