
Microsoft Visual Studio Solution File, Format Version 12.00
# Visual Studio Version 17
VisualStudioVersion = 17.9.34407.89
MinimumVisualStudioVersion = 10.0.40219.1
Project("{2150E333-8FDC-42A3-9474-1A3956D46DE8}") = "Library", "Library", "{657D0E0A-C1E3-4323-B40B-17BF92E5DBD0}"
EndProject
Project("{9A19103F-16F7-4668-BE54-9A1E7A4F7556}") = "ShopDev.Authentication.API", "Services\Authentication\ShopDev.Authentication.API\ShopDev.Authentication.API.csproj", "{1B8EA37C-D4F4-403C-A675-CAAB98D235DA}"
EndProject
Project("{2150E333-8FDC-42A3-9474-1A3956D46DE8}") = "Services", "Services", "{4DDEAE9F-010D-40AB-B184-AC63831405CB}"
EndProject
Project("{9A19103F-16F7-4668-BE54-9A1E7A4F7556}") = "ShopDev.Authentication.Infrastructure", "Services\Authentication\ShopDev.Authentication.Infrastructure\ShopDev.Authentication.Infrastructure.csproj", "{C377858C-BD41-482B-A3A2-894E9608F4CB}"
EndProject
Project("{9A19103F-16F7-4668-BE54-9A1E7A4F7556}") = "ShopDev.Authentication.Domain", "Services\Authentication\ShopDev.Authentication.Domain\ShopDev.Authentication.Domain.csproj", "{5EF7C01B-22C2-454C-9992-3E371A45CD4F}"
EndProject
Project("{9A19103F-16F7-4668-BE54-9A1E7A4F7556}") = "ShopDev.Authentication.ApplicationServices", "Services\Authentication\ShopDev.Authentication.ApplicationServices\ShopDev.Authentication.ApplicationServices.csproj", "{C25384DA-264C-41FB-A1A6-D0FCE979D503}"
EndProject
Project("{9A19103F-16F7-4668-BE54-9A1E7A4F7556}") = "ShopDev.WebAPIBase", "..\..\..\Desktop\Library\ShopDev.WebAPIBase\ShopDev.WebAPIBase.csproj", "{004D359E-D2BF-4E25-99F6-6B5AC626D054}"
EndProject
Project("{9A19103F-16F7-4668-BE54-9A1E7A4F7556}") = "ShopDev.EntitiesBase", "..\..\..\Desktop\Library\ShopDev.EntitiesBase\ShopDev.EntitiesBase.csproj", "{934267F3-6007-4B37-BE04-B2F8BA1512C8}"
EndProject
Project("{9A19103F-16F7-4668-BE54-9A1E7A4F7556}") = "ShopDev.Utils", "..\..\..\Desktop\Library\ShopDev.Utils\ShopDev.Utils.csproj", "{FC5718F5-A0FC-4ACF-8C60-C8130C902211}"
EndProject
Project("{9A19103F-16F7-4668-BE54-9A1E7A4F7556}") = "ShopDev.InfrastructureBase", "..\..\..\Desktop\Library\ShopDev.InfrastructureBase\ShopDev.InfrastructureBase.csproj", "{CBE44F43-BBE2-440A-BC1F-68487EBE8E3B}"
EndProject
Project("{9A19103F-16F7-4668-BE54-9A1E7A4F7556}") = "ShopDev.IdentityServerBase", "..\..\..\Desktop\Library\ShopDev.IdentityServerBase\ShopDev.IdentityServerBase.csproj", "{4F2B31AE-3F9C-4CF8-9453-20F0815D1D94}"
EndProject
Project("{2150E333-8FDC-42A3-9474-1A3956D46DE8}") = "Application", "Application", "{6EB5CBCE-9733-4247-961E-C14125061B12}"
EndProject
Project("{2150E333-8FDC-42A3-9474-1A3956D46DE8}") = "WebApi", "WebApi", "{3F05CCA8-66E3-421D-B55F-201221FFF751}"
EndProject
Project("{2150E333-8FDC-42A3-9474-1A3956D46DE8}") = "Infrastructure", "Infrastructure", "{4ABCF73B-D6C1-45DD-B611-2F8C6A1A1D3A}"
EndProject
Project("{2150E333-8FDC-42A3-9474-1A3956D46DE8}") = "Shared", "Shared", "{1A9CBE5C-6ED5-45AB-AA98-D7D0487FE88B}"
EndProject
Project("{2150E333-8FDC-42A3-9474-1A3956D46DE8}") = "Authentication", "Authentication", "{E4C73187-ECAF-47C7-8AE3-334C33AF5692}"
EndProject
Project("{9A19103F-16F7-4668-BE54-9A1E7A4F7556}") = "ShopDev.Common", "Services\Shared\ShopDev.Common\ShopDev.Common.csproj", "{9E7F3C7B-FD20-4228-8D00-C5F527E306CE}"
EndProject
Project("{9A19103F-16F7-4668-BE54-9A1E7A4F7556}") = "ShopDev.Constants", "Services\Shared\ShopDev.Constants\ShopDev.Constants.csproj", "{2BEBE162-6A09-4703-B8FA-8B740A2721D6}"
EndProject
Project("{9A19103F-16F7-4668-BE54-9A1E7A4F7556}") = "ShopDev.UserRolePermission", "Services\Shared\ShopDev.UserRolePermission\ShopDev.UserRolePermission.csproj", "{F7846947-5B98-4048-85CA-7E6E53A53978}"
EndProject
Project("{9A19103F-16F7-4668-BE54-9A1E7A4F7556}") = "ShopDev.ConvertFile", "Library\ShopDev.ConvertFile\ShopDev.ConvertFile.csproj", "{C6DF08D2-EAF3-4E93-B887-340D82B7A18C}"
EndProject
Project("{9A19103F-16F7-4668-BE54-9A1E7A4F7556}") = "ShopDev.RabbitMQ", "Library\ShopDev.RabbitMQ\ShopDev.RabbitMQ.csproj", "{7BED41CE-A872-4C78-ACBA-0F7000CC7FA8}"
EndProject
Project("{9A19103F-16F7-4668-BE54-9A1E7A4F7556}") = "ShopDev.S3Bucket", "Library\ShopDev.S3Bucket\ShopDev.S3Bucket.csproj", "{832C3759-5014-4B4D-B425-B5737E16C65C}"
EndProject
Project("{9A19103F-16F7-4668-BE54-9A1E7A4F7556}") = "ShopDev.ApplicationBase", "Library\ShopDev.ApplicationBase\ShopDev.ApplicationBase.csproj", "{5CCF6E3C-0D2E-4D56-9840-7ED1C0359DD4}"
EndProject
Project("{9A19103F-16F7-4668-BE54-9A1E7A4F7556}") = "ShopDev.Notification", "Library\ShopDev.Notification\ShopDev.Notification.csproj", "{91354B06-D2B3-4211-B97E-8EFBEEC8DA9A}"
EndProject
Global
	GlobalSection(SolutionConfigurationPlatforms) = preSolution
		Debug|Any CPU = Debug|Any CPU
		Release|Any CPU = Release|Any CPU
	EndGlobalSection
	GlobalSection(ProjectConfigurationPlatforms) = postSolution
		{1B8EA37C-D4F4-403C-A675-CAAB98D235DA}.Debug|Any CPU.ActiveCfg = Debug|Any CPU
		{1B8EA37C-D4F4-403C-A675-CAAB98D235DA}.Debug|Any CPU.Build.0 = Debug|Any CPU
		{1B8EA37C-D4F4-403C-A675-CAAB98D235DA}.Release|Any CPU.ActiveCfg = Release|Any CPU
		{1B8EA37C-D4F4-403C-A675-CAAB98D235DA}.Release|Any CPU.Build.0 = Release|Any CPU
		{C377858C-BD41-482B-A3A2-894E9608F4CB}.Debug|Any CPU.ActiveCfg = Debug|Any CPU
		{C377858C-BD41-482B-A3A2-894E9608F4CB}.Debug|Any CPU.Build.0 = Debug|Any CPU
		{C377858C-BD41-482B-A3A2-894E9608F4CB}.Release|Any CPU.ActiveCfg = Release|Any CPU
		{C377858C-BD41-482B-A3A2-894E9608F4CB}.Release|Any CPU.Build.0 = Release|Any CPU
		{5EF7C01B-22C2-454C-9992-3E371A45CD4F}.Debug|Any CPU.ActiveCfg = Debug|Any CPU
		{5EF7C01B-22C2-454C-9992-3E371A45CD4F}.Debug|Any CPU.Build.0 = Debug|Any CPU
		{5EF7C01B-22C2-454C-9992-3E371A45CD4F}.Release|Any CPU.ActiveCfg = Release|Any CPU
		{5EF7C01B-22C2-454C-9992-3E371A45CD4F}.Release|Any CPU.Build.0 = Release|Any CPU
		{C25384DA-264C-41FB-A1A6-D0FCE979D503}.Debug|Any CPU.ActiveCfg = Debug|Any CPU
		{C25384DA-264C-41FB-A1A6-D0FCE979D503}.Debug|Any CPU.Build.0 = Debug|Any CPU
		{C25384DA-264C-41FB-A1A6-D0FCE979D503}.Release|Any CPU.ActiveCfg = Release|Any CPU
		{C25384DA-264C-41FB-A1A6-D0FCE979D503}.Release|Any CPU.Build.0 = Release|Any CPU
		{004D359E-D2BF-4E25-99F6-6B5AC626D054}.Debug|Any CPU.ActiveCfg = Debug|Any CPU
		{004D359E-D2BF-4E25-99F6-6B5AC626D054}.Debug|Any CPU.Build.0 = Debug|Any CPU
		{004D359E-D2BF-4E25-99F6-6B5AC626D054}.Release|Any CPU.ActiveCfg = Release|Any CPU
		{004D359E-D2BF-4E25-99F6-6B5AC626D054}.Release|Any CPU.Build.0 = Release|Any CPU
		{934267F3-6007-4B37-BE04-B2F8BA1512C8}.Debug|Any CPU.ActiveCfg = Debug|Any CPU
		{934267F3-6007-4B37-BE04-B2F8BA1512C8}.Debug|Any CPU.Build.0 = Debug|Any CPU
		{934267F3-6007-4B37-BE04-B2F8BA1512C8}.Release|Any CPU.ActiveCfg = Release|Any CPU
		{934267F3-6007-4B37-BE04-B2F8BA1512C8}.Release|Any CPU.Build.0 = Release|Any CPU
		{FC5718F5-A0FC-4ACF-8C60-C8130C902211}.Debug|Any CPU.ActiveCfg = Debug|Any CPU
		{FC5718F5-A0FC-4ACF-8C60-C8130C902211}.Debug|Any CPU.Build.0 = Debug|Any CPU
		{FC5718F5-A0FC-4ACF-8C60-C8130C902211}.Release|Any CPU.ActiveCfg = Release|Any CPU
		{FC5718F5-A0FC-4ACF-8C60-C8130C902211}.Release|Any CPU.Build.0 = Release|Any CPU
		{CBE44F43-BBE2-440A-BC1F-68487EBE8E3B}.Debug|Any CPU.ActiveCfg = Debug|Any CPU
		{CBE44F43-BBE2-440A-BC1F-68487EBE8E3B}.Debug|Any CPU.Build.0 = Debug|Any CPU
		{CBE44F43-BBE2-440A-BC1F-68487EBE8E3B}.Release|Any CPU.ActiveCfg = Release|Any CPU
		{CBE44F43-BBE2-440A-BC1F-68487EBE8E3B}.Release|Any CPU.Build.0 = Release|Any CPU
		{4F2B31AE-3F9C-4CF8-9453-20F0815D1D94}.Debug|Any CPU.ActiveCfg = Debug|Any CPU
		{4F2B31AE-3F9C-4CF8-9453-20F0815D1D94}.Debug|Any CPU.Build.0 = Debug|Any CPU
		{4F2B31AE-3F9C-4CF8-9453-20F0815D1D94}.Release|Any CPU.ActiveCfg = Release|Any CPU
		{4F2B31AE-3F9C-4CF8-9453-20F0815D1D94}.Release|Any CPU.Build.0 = Release|Any CPU
		{9E7F3C7B-FD20-4228-8D00-C5F527E306CE}.Debug|Any CPU.ActiveCfg = Debug|Any CPU
		{9E7F3C7B-FD20-4228-8D00-C5F527E306CE}.Debug|Any CPU.Build.0 = Debug|Any CPU
		{9E7F3C7B-FD20-4228-8D00-C5F527E306CE}.Release|Any CPU.ActiveCfg = Release|Any CPU
		{9E7F3C7B-FD20-4228-8D00-C5F527E306CE}.Release|Any CPU.Build.0 = Release|Any CPU
		{2BEBE162-6A09-4703-B8FA-8B740A2721D6}.Debug|Any CPU.ActiveCfg = Debug|Any CPU
		{2BEBE162-6A09-4703-B8FA-8B740A2721D6}.Debug|Any CPU.Build.0 = Debug|Any CPU
		{2BEBE162-6A09-4703-B8FA-8B740A2721D6}.Release|Any CPU.ActiveCfg = Release|Any CPU
		{2BEBE162-6A09-4703-B8FA-8B740A2721D6}.Release|Any CPU.Build.0 = Release|Any CPU
		{F7846947-5B98-4048-85CA-7E6E53A53978}.Debug|Any CPU.ActiveCfg = Debug|Any CPU
		{F7846947-5B98-4048-85CA-7E6E53A53978}.Debug|Any CPU.Build.0 = Debug|Any CPU
		{F7846947-5B98-4048-85CA-7E6E53A53978}.Release|Any CPU.ActiveCfg = Release|Any CPU
		{F7846947-5B98-4048-85CA-7E6E53A53978}.Release|Any CPU.Build.0 = Release|Any CPU
		{C6DF08D2-EAF3-4E93-B887-340D82B7A18C}.Debug|Any CPU.ActiveCfg = Debug|Any CPU
		{C6DF08D2-EAF3-4E93-B887-340D82B7A18C}.Debug|Any CPU.Build.0 = Debug|Any CPU
		{C6DF08D2-EAF3-4E93-B887-340D82B7A18C}.Release|Any CPU.ActiveCfg = Release|Any CPU
		{C6DF08D2-EAF3-4E93-B887-340D82B7A18C}.Release|Any CPU.Build.0 = Release|Any CPU
		{7BED41CE-A872-4C78-ACBA-0F7000CC7FA8}.Debug|Any CPU.ActiveCfg = Debug|Any CPU
		{7BED41CE-A872-4C78-ACBA-0F7000CC7FA8}.Debug|Any CPU.Build.0 = Debug|Any CPU
		{7BED41CE-A872-4C78-ACBA-0F7000CC7FA8}.Release|Any CPU.ActiveCfg = Release|Any CPU
		{7BED41CE-A872-4C78-ACBA-0F7000CC7FA8}.Release|Any CPU.Build.0 = Release|Any CPU
		{832C3759-5014-4B4D-B425-B5737E16C65C}.Debug|Any CPU.ActiveCfg = Debug|Any CPU
		{832C3759-5014-4B4D-B425-B5737E16C65C}.Debug|Any CPU.Build.0 = Debug|Any CPU
		{832C3759-5014-4B4D-B425-B5737E16C65C}.Release|Any CPU.ActiveCfg = Release|Any CPU
		{832C3759-5014-4B4D-B425-B5737E16C65C}.Release|Any CPU.Build.0 = Release|Any CPU
		{5CCF6E3C-0D2E-4D56-9840-7ED1C0359DD4}.Debug|Any CPU.ActiveCfg = Debug|Any CPU
		{5CCF6E3C-0D2E-4D56-9840-7ED1C0359DD4}.Debug|Any CPU.Build.0 = Debug|Any CPU
		{5CCF6E3C-0D2E-4D56-9840-7ED1C0359DD4}.Release|Any CPU.ActiveCfg = Release|Any CPU
		{5CCF6E3C-0D2E-4D56-9840-7ED1C0359DD4}.Release|Any CPU.Build.0 = Release|Any CPU
		{91354B06-D2B3-4211-B97E-8EFBEEC8DA9A}.Debug|Any CPU.ActiveCfg = Debug|Any CPU
		{91354B06-D2B3-4211-B97E-8EFBEEC8DA9A}.Debug|Any CPU.Build.0 = Debug|Any CPU
		{91354B06-D2B3-4211-B97E-8EFBEEC8DA9A}.Release|Any CPU.ActiveCfg = Release|Any CPU
		{91354B06-D2B3-4211-B97E-8EFBEEC8DA9A}.Release|Any CPU.Build.0 = Release|Any CPU
	EndGlobalSection
	GlobalSection(SolutionProperties) = preSolution
		HideSolutionNode = FALSE
	EndGlobalSection
	GlobalSection(NestedProjects) = preSolution
		{1B8EA37C-D4F4-403C-A675-CAAB98D235DA} = {E4C73187-ECAF-47C7-8AE3-334C33AF5692}
		{C377858C-BD41-482B-A3A2-894E9608F4CB} = {E4C73187-ECAF-47C7-8AE3-334C33AF5692}
		{5EF7C01B-22C2-454C-9992-3E371A45CD4F} = {E4C73187-ECAF-47C7-8AE3-334C33AF5692}
		{C25384DA-264C-41FB-A1A6-D0FCE979D503} = {E4C73187-ECAF-47C7-8AE3-334C33AF5692}
		{004D359E-D2BF-4E25-99F6-6B5AC626D054} = {3F05CCA8-66E3-421D-B55F-201221FFF751}
		{934267F3-6007-4B37-BE04-B2F8BA1512C8} = {4ABCF73B-D6C1-45DD-B611-2F8C6A1A1D3A}
		{FC5718F5-A0FC-4ACF-8C60-C8130C902211} = {657D0E0A-C1E3-4323-B40B-17BF92E5DBD0}
		{CBE44F43-BBE2-440A-BC1F-68487EBE8E3B} = {4ABCF73B-D6C1-45DD-B611-2F8C6A1A1D3A}
		{4F2B31AE-3F9C-4CF8-9453-20F0815D1D94} = {3F05CCA8-66E3-421D-B55F-201221FFF751}
		{6EB5CBCE-9733-4247-961E-C14125061B12} = {657D0E0A-C1E3-4323-B40B-17BF92E5DBD0}
		{3F05CCA8-66E3-421D-B55F-201221FFF751} = {657D0E0A-C1E3-4323-B40B-17BF92E5DBD0}
		{4ABCF73B-D6C1-45DD-B611-2F8C6A1A1D3A} = {657D0E0A-C1E3-4323-B40B-17BF92E5DBD0}
		{1A9CBE5C-6ED5-45AB-AA98-D7D0487FE88B} = {4DDEAE9F-010D-40AB-B184-AC63831405CB}
		{E4C73187-ECAF-47C7-8AE3-334C33AF5692} = {4DDEAE9F-010D-40AB-B184-AC63831405CB}
		{9E7F3C7B-FD20-4228-8D00-C5F527E306CE} = {1A9CBE5C-6ED5-45AB-AA98-D7D0487FE88B}
		{2BEBE162-6A09-4703-B8FA-8B740A2721D6} = {1A9CBE5C-6ED5-45AB-AA98-D7D0487FE88B}
		{F7846947-5B98-4048-85CA-7E6E53A53978} = {1A9CBE5C-6ED5-45AB-AA98-D7D0487FE88B}
		{C6DF08D2-EAF3-4E93-B887-340D82B7A18C} = {4ABCF73B-D6C1-45DD-B611-2F8C6A1A1D3A}
		{7BED41CE-A872-4C78-ACBA-0F7000CC7FA8} = {4ABCF73B-D6C1-45DD-B611-2F8C6A1A1D3A}
		{832C3759-5014-4B4D-B425-B5737E16C65C} = {4ABCF73B-D6C1-45DD-B611-2F8C6A1A1D3A}
		{5CCF6E3C-0D2E-4D56-9840-7ED1C0359DD4} = {6EB5CBCE-9733-4247-961E-C14125061B12}
		{91354B06-D2B3-4211-B97E-8EFBEEC8DA9A} = {4ABCF73B-D6C1-45DD-B611-2F8C6A1A1D3A}
	EndGlobalSection
	GlobalSection(ExtensibilityGlobals) = postSolution
		SolutionGuid = {C9FD0C05-0CF5-4023-8A3A-00662DC03F85}
	EndGlobalSection
EndGlobal
